
Microsoft Visual Studio Solution File, Format Version 12.00
# Visual Studio 14
VisualStudioVersion = 14.0.25420.1
MinimumVisualStudioVersion = 10.0.40219.1
Project("{FAE04EC0-301F-11D3-BF4B-00C04F79EFBC}") = "SchoolAPI", "SchoolAPI\SchoolAPI.csproj", "{09F37AAB-94FC-4A5E-A183-530BC259D572}"
EndProject
Project("{FAE04EC0-301F-11D3-BF4B-00C04F79EFBC}") = "SchoolClient", "SchoolClient\SchoolClient.csproj", "{72FD8619-5E29-4837-9BD0-D6BE738FCD5D}"
EndProject
Global
	GlobalSection(SolutionConfigurationPlatforms) = preSolution
		Debug|Any CPU = Debug|Any CPU
		Release|Any CPU = Release|Any CPU
	EndGlobalSection
	GlobalSection(ProjectConfigurationPlatforms) = postSolution
		{09F37AAB-94FC-4A5E-A183-530BC259D572}.Debug|Any CPU.ActiveCfg = Debug|Any CPU
		{09F37AAB-94FC-4A5E-A183-530BC259D572}.Debug|Any CPU.Build.0 = Debug|Any CPU
		{09F37AAB-94FC-4A5E-A183-530BC259D572}.Release|Any CPU.ActiveCfg = Release|Any CPU
		{09F37AAB-94FC-4A5E-A183-530BC259D572}.Release|Any CPU.Build.0 = Release|Any CPU
		{72FD8619-5E29-4837-9BD0-D6BE738FCD5D}.Debug|Any CPU.ActiveCfg = Debug|Any CPU
		{72FD8619-5E29-4837-9BD0-D6BE738FCD5D}.Debug|Any CPU.Build.0 = Debug|Any CPU
		{72FD8619-5E29-4837-9BD0-D6BE738FCD5D}.Release|Any CPU.ActiveCfg = Release|Any CPU
		{72FD8619-5E29-4837-9BD0-D6BE738FCD5D}.Release|Any CPU.Build.0 = Release|Any CPU
	EndGlobalSection
	GlobalSection(SolutionProperties) = preSolution
		HideSolutionNode = FALSE
	EndGlobalSection
EndGlobal
